
Microsoft Visual Studio Solution File, Format Version 12.00
# Visual Studio Version 17
VisualStudioVersion = 17.11.35219.272
MinimumVisualStudioVersion = 10.0.40219.1
Project("{FAE04EC0-301F-11D3-BF4B-00C04F79EFBC}") = "PracticaWebApiSonia", "PracticaWebApiSonia\PracticaWebApiSonia.csproj", "{99D4E0B7-2499-48A1-9B3F-ED0BA4CF78E3}"
EndProject
Global
	GlobalSection(SolutionConfigurationPlatforms) = preSolution
		Debug|Any CPU = Debug|Any CPU
		Release|Any CPU = Release|Any CPU
	EndGlobalSection
	GlobalSection(ProjectConfigurationPlatforms) = postSolution
		{99D4E0B7-2499-48A1-9B3F-ED0BA4CF78E3}.Debug|Any CPU.ActiveCfg = Debug|Any CPU
		{99D4E0B7-2499-48A1-9B3F-ED0BA4CF78E3}.Debug|Any CPU.Build.0 = Debug|Any CPU
		{99D4E0B7-2499-48A1-9B3F-ED0BA4CF78E3}.Release|Any CPU.ActiveCfg = Release|Any CPU
		{99D4E0B7-2499-48A1-9B3F-ED0BA4CF78E3}.Release|Any CPU.Build.0 = Release|Any CPU
	EndGlobalSection
	GlobalSection(SolutionProperties) = preSolution
		HideSolutionNode = FALSE
	EndGlobalSection
	GlobalSection(ExtensibilityGlobals) = postSolution
		SolutionGuid = {63694D59-1692-4ADC-BCEB-8929768BAB68}
	EndGlobalSection
EndGlobal
